
Microsoft Visual Studio Solution File, Format Version 12.00
# Visual Studio Version 17
VisualStudioVersion = 17.4.33403.182
MinimumVisualStudioVersion = 10.0.40219.1
Project("{888888A0-9F3D-457C-B088-3A5042F75D52}") = "GitTest", "GitTest.pyproj", "{1459B6B8-056C-455E-A26A-2D3D6B548A03}"
EndProject
Global
	GlobalSection(SolutionConfigurationPlatforms) = preSolution
		Debug|Any CPU = Debug|Any CPU
		Release|Any CPU = Release|Any CPU
	EndGlobalSection
	GlobalSection(ProjectConfigurationPlatforms) = postSolution
		{1459B6B8-056C-455E-A26A-2D3D6B548A03}.Debug|Any CPU.ActiveCfg = Debug|Any CPU
		{1459B6B8-056C-455E-A26A-2D3D6B548A03}.Release|Any CPU.ActiveCfg = Release|Any CPU
	EndGlobalSection
	GlobalSection(SolutionProperties) = preSolution
		HideSolutionNode = FALSE
	EndGlobalSection
	GlobalSection(ExtensibilityGlobals) = postSolution
		SolutionGuid = {C2041494-E703-487F-8003-724F66FCA4F5}
	EndGlobalSection
EndGlobal
